
Microsoft Visual Studio Solution File, Format Version 12.00
Project("{FAE04EC0-301F-11D3-BF4B-00C04F79EFBC}") = "BooksApp", "BooksApp\BooksApp.csproj", "{FBD026D7-89C5-434A-8B5C-65E173425D58}"
EndProject
Global
	GlobalSection(SolutionConfigurationPlatforms) = preSolution
		Debug|Any CPU = Debug|Any CPU
		Release|Any CPU = Release|Any CPU
	EndGlobalSection
	GlobalSection(ProjectConfigurationPlatforms) = postSolution
		{FBD026D7-89C5-434A-8B5C-65E173425D58}.Debug|Any CPU.ActiveCfg = Debug|Any CPU
		{FBD026D7-89C5-434A-8B5C-65E173425D58}.Debug|Any CPU.Build.0 = Debug|Any CPU
		{FBD026D7-89C5-434A-8B5C-65E173425D58}.Release|Any CPU.ActiveCfg = Release|Any CPU
		{FBD026D7-89C5-434A-8B5C-65E173425D58}.Release|Any CPU.Build.0 = Release|Any CPU
	EndGlobalSection
EndGlobal
